
Microsoft Visual Studio Solution File, Format Version 12.00
# Visual Studio Version 17
VisualStudioVersion = 17.11.35303.130
MinimumVisualStudioVersion = 10.0.40219.1
Project("{9A19103F-16F7-4668-BE54-9A1E7A4F7556}") = "ATMChainOfResponsibiltyExample", "CORExample\ATMChainOfResponsibiltyExample.csproj", "{DEC1D3A2-7851-4D34-8FB1-2DC7C22522AF}"
EndProject
Global
	GlobalSection(SolutionConfigurationPlatforms) = preSolution
		Debug|Any CPU = Debug|Any CPU
		Release|Any CPU = Release|Any CPU
	EndGlobalSection
	GlobalSection(ProjectConfigurationPlatforms) = postSolution
		{DEC1D3A2-7851-4D34-8FB1-2DC7C22522AF}.Debug|Any CPU.ActiveCfg = Debug|Any CPU
		{DEC1D3A2-7851-4D34-8FB1-2DC7C22522AF}.Debug|Any CPU.Build.0 = Debug|Any CPU
		{DEC1D3A2-7851-4D34-8FB1-2DC7C22522AF}.Release|Any CPU.ActiveCfg = Release|Any CPU
		{DEC1D3A2-7851-4D34-8FB1-2DC7C22522AF}.Release|Any CPU.Build.0 = Release|Any CPU
	EndGlobalSection
	GlobalSection(SolutionProperties) = preSolution
		HideSolutionNode = FALSE
	EndGlobalSection
	GlobalSection(ExtensibilityGlobals) = postSolution
		SolutionGuid = {80E56C28-6896-48D5-8B01-4B5D37B4D898}
	EndGlobalSection
EndGlobal
